
Microsoft Visual Studio Solution File, Format Version 12.00
# Visual Studio Version 16
VisualStudioVersion = 16.0.29326.143
MinimumVisualStudioVersion = 15.0.26124.0
Project("{9A19103F-16F7-4668-BE54-9A1E7A4F7556}") = "NLayersApp.Persistence", "NLayersApp.Persistence\NLayersApp.Persistence.csproj", "{EBC46899-F392-4663-8E3F-D560E1881DD5}"
EndProject
Project("{9A19103F-16F7-4668-BE54-9A1E7A4F7556}") = "NLayersApp.Persistence.Tests", "NLayersApp.Persistence.Tests\NLayersApp.Persistence.Tests.csproj", "{4AC8E2F7-F7A6-4010-9185-AFCBFB86C0F2}"
EndProject
Project("{FAE04EC0-301F-11D3-BF4B-00C04F79EFBC}") = "NLayersApp.Persistence.Abstractions", "NLayersApp.Persistence.Abstractions\NLayersApp.Persistence.Abstractions.csproj", "{3F9CDF5D-B64B-4F62-B9E3-C3F024EB55D2}"
EndProject
Global
	GlobalSection(SolutionConfigurationPlatforms) = preSolution
		Debug|Any CPU = Debug|Any CPU
		Debug|x64 = Debug|x64
		Debug|x86 = Debug|x86
		Release|Any CPU = Release|Any CPU
		Release|x64 = Release|x64
		Release|x86 = Release|x86
	EndGlobalSection
	GlobalSection(ProjectConfigurationPlatforms) = postSolution
		{EBC46899-F392-4663-8E3F-D560E1881DD5}.Debug|Any CPU.ActiveCfg = Debug|Any CPU
		{EBC46899-F392-4663-8E3F-D560E1881DD5}.Debug|Any CPU.Build.0 = Debug|Any CPU
		{EBC46899-F392-4663-8E3F-D560E1881DD5}.Debug|x64.ActiveCfg = Debug|Any CPU
		{EBC46899-F392-4663-8E3F-D560E1881DD5}.Debug|x64.Build.0 = Debug|Any CPU
		{EBC46899-F392-4663-8E3F-D560E1881DD5}.Debug|x86.ActiveCfg = Debug|Any CPU
		{EBC46899-F392-4663-8E3F-D560E1881DD5}.Debug|x86.Build.0 = Debug|Any CPU
		{EBC46899-F392-4663-8E3F-D560E1881DD5}.Release|Any CPU.ActiveCfg = Release|Any CPU
		{EBC46899-F392-4663-8E3F-D560E1881DD5}.Release|Any CPU.Build.0 = Release|Any CPU
		{EBC46899-F392-4663-8E3F-D560E1881DD5}.Release|x64.ActiveCfg = Release|Any CPU
		{EBC46899-F392-4663-8E3F-D560E1881DD5}.Release|x64.Build.0 = Release|Any CPU
		{EBC46899-F392-4663-8E3F-D560E1881DD5}.Release|x86.ActiveCfg = Release|Any CPU
		{EBC46899-F392-4663-8E3F-D560E1881DD5}.Release|x86.Build.0 = Release|Any CPU
		{4AC8E2F7-F7A6-4010-9185-AFCBFB86C0F2}.Debug|Any CPU.ActiveCfg = Debug|Any CPU
		{4AC8E2F7-F7A6-4010-9185-AFCBFB86C0F2}.Debug|Any CPU.Build.0 = Debug|Any CPU
		{4AC8E2F7-F7A6-4010-9185-AFCBFB86C0F2}.Debug|x64.ActiveCfg = Debug|Any CPU
		{4AC8E2F7-F7A6-4010-9185-AFCBFB86C0F2}.Debug|x64.Build.0 = Debug|Any CPU
		{4AC8E2F7-F7A6-4010-9185-AFCBFB86C0F2}.Debug|x86.ActiveCfg = Debug|Any CPU
		{4AC8E2F7-F7A6-4010-9185-AFCBFB86C0F2}.Debug|x86.Build.0 = Debug|Any CPU
		{4AC8E2F7-F7A6-4010-9185-AFCBFB86C0F2}.Release|Any CPU.ActiveCfg = Release|Any CPU
		{4AC8E2F7-F7A6-4010-9185-AFCBFB86C0F2}.Release|Any CPU.Build.0 = Release|Any CPU
		{4AC8E2F7-F7A6-4010-9185-AFCBFB86C0F2}.Release|x64.ActiveCfg = Release|Any CPU
		{4AC8E2F7-F7A6-4010-9185-AFCBFB86C0F2}.Release|x64.Build.0 = Release|Any CPU
		{4AC8E2F7-F7A6-4010-9185-AFCBFB86C0F2}.Release|x86.ActiveCfg = Release|Any CPU
		{4AC8E2F7-F7A6-4010-9185-AFCBFB86C0F2}.Release|x86.Build.0 = Release|Any CPU
		{3F9CDF5D-B64B-4F62-B9E3-C3F024EB55D2}.Debug|Any CPU.ActiveCfg = Debug|Any CPU
		{3F9CDF5D-B64B-4F62-B9E3-C3F024EB55D2}.Debug|Any CPU.Build.0 = Debug|Any CPU
		{3F9CDF5D-B64B-4F62-B9E3-C3F024EB55D2}.Debug|x64.ActiveCfg = Debug|Any CPU
		{3F9CDF5D-B64B-4F62-B9E3-C3F024EB55D2}.Debug|x64.Build.0 = Debug|Any CPU
		{3F9CDF5D-B64B-4F62-B9E3-C3F024EB55D2}.Debug|x86.ActiveCfg = Debug|Any CPU
		{3F9CDF5D-B64B-4F62-B9E3-C3F024EB55D2}.Debug|x86.Build.0 = Debug|Any CPU
		{3F9CDF5D-B64B-4F62-B9E3-C3F024EB55D2}.Release|Any CPU.ActiveCfg = Release|Any CPU
		{3F9CDF5D-B64B-4F62-B9E3-C3F024EB55D2}.Release|Any CPU.Build.0 = Release|Any CPU
		{3F9CDF5D-B64B-4F62-B9E3-C3F024EB55D2}.Release|x64.ActiveCfg = Release|Any CPU
		{3F9CDF5D-B64B-4F62-B9E3-C3F024EB55D2}.Release|x64.Build.0 = Release|Any CPU
		{3F9CDF5D-B64B-4F62-B9E3-C3F024EB55D2}.Release|x86.ActiveCfg = Release|Any CPU
		{3F9CDF5D-B64B-4F62-B9E3-C3F024EB55D2}.Release|x86.Build.0 = Release|Any CPU
	EndGlobalSection
	GlobalSection(SolutionProperties) = preSolution
		HideSolutionNode = FALSE
	EndGlobalSection
	GlobalSection(ExtensibilityGlobals) = postSolution
		SolutionGuid = {674211DE-6D4B-4125-A24B-E533849907B3}
	EndGlobalSection
EndGlobal
